lockfileVersion: 5.4

specifiers:
  nanoid: ^4.0.0
  prettier: ^2.7.1
  tslib: ^2.4.0
  type-fest: ^3.0.0
  typescript: ^4.8.4

dependencies:
  nanoid: 4.0.0
  tslib: 2.4.0

devDependencies:
  prettier: 2.7.1
  type-fest: 3.0.0
  typescript: 4.8.4

packages:

  /nanoid/4.0.0:
    resolution: {integrity: sha512-IgBP8piMxe/gf73RTQx7hmnhwz0aaEXYakvqZyE302IXW3HyVNhdNGC+O2MwMAVhLEnvXlvKtGbtJf6wvHihCg==}
    engines: {node: ^14 || ^16 || >=18}
    hasBin: true
    dev: false

  /prettier/2.7.1:
    resolution: {integrity: sha512-ujppO+MkdPqoVINuDFDRLClm7D78qbDt0/NR+wp5FqEZOoTNAjPHWj17QRhu7geIHJfcNhRk1XVQmF8Bp3ye+g==}
    engines: {node: '>=10.13.0'}
    hasBin: true
    dev: true

  /tslib/2.4.0:
    resolution: {integrity: sha512-d6xOpEDfsi2CZVlPQzGeux8XMwLT9hssAsaPYExaQMuYskwb+x1x7J371tWlbBdWHroy99KnVB6qIkUbs5X3UQ==}
    dev: false

  /type-fest/3.0.0:
    resolution: {integrity: sha512-MINvUN5ug9u+0hJDzSZNSnuKXI8M4F5Yvb6SQZ2CYqe7SgKXKOosEcU5R7tRgo85I6eAVBbkVF7TCvB4AUK2xQ==}
    engines: {node: '>=14.16'}
    dev: true

  /typescript/4.8.4:
    resolution: {integrity: sha512-QCh+85mCy+h0IGff8r5XWzOVSbBO+KfeYrMQh7NJ58QujwcE22u+NUSmUxqF+un70P9GXKxa2HCNiTTMJknyjQ==}
    engines: {node: '>=4.2.0'}
    hasBin: true
    dev: true
